
Microsoft Visual Studio Solution File, Format Version 12.00
# Visual Studio Version 17
VisualStudioVersion = 17.7.34024.191
MinimumVisualStudioVersion = 10.0.40219.1
Project("{FAE04EC0-301F-11D3-BF4B-00C04F79EFBC}") = "WPF_projects", "WPF_projects\WPF_projects.csproj", "{B5546440-32C8-434F-A02A-34D893ADBD1C}"
EndProject
Global
	GlobalSection(SolutionConfigurationPlatforms) = preSolution
		Debug|Any CPU = Debug|Any CPU
		Release|Any CPU = Release|Any CPU
	EndGlobalSection
	GlobalSection(ProjectConfigurationPlatforms) = postSolution
		{B5546440-32C8-434F-A02A-34D893ADBD1C}.Debug|Any CPU.ActiveCfg = Debug|Any CPU
		{B5546440-32C8-434F-A02A-34D893ADBD1C}.Debug|Any CPU.Build.0 = Debug|Any CPU
		{B5546440-32C8-434F-A02A-34D893ADBD1C}.Release|Any CPU.ActiveCfg = Release|Any CPU
		{B5546440-32C8-434F-A02A-34D893ADBD1C}.Release|Any CPU.Build.0 = Release|Any CPU
	EndGlobalSection
	GlobalSection(SolutionProperties) = preSolution
		HideSolutionNode = FALSE
	EndGlobalSection
	GlobalSection(ExtensibilityGlobals) = postSolution
		SolutionGuid = {785FF624-3C37-4B09-A5E1-CADCB5B7DFDA}
	EndGlobalSection
EndGlobal
